// !$*UTF8*$!
{
	archiveVersion = 1;
	classes = {
	};
	objectVersion = 46;
	objects = {

/* Begin PBXBuildFile section */
		0624805F6E386DED4875C68E /* Pods_GovIsland.framework in Frameworks */ = {isa = PBXBuildFile; fileRef = F6D6AAA9DF2E6E122467718F /* Pods_GovIsland.framework */; };
		110729CC1C4FF5AA00DBDD47 /* MapKit.framework in Frameworks */ = {isa = PBXBuildFile; fileRef = 110729CB1C4FF5AA00DBDD47 /* MapKit.framework */; };
		111415291CEB90FD00986FE5 /* govisland.plist in Resources */ = {isa = PBXBuildFile; fileRef = 111415281CEB90FD00986FE5 /* govisland.plist */; };
		1114152B1CEB942A00986FE5 /* EventsTableViewController.swift in Sources */ = {isa = PBXBuildFile; fileRef = 1114152A1CEB942A00986FE5 /* EventsTableViewController.swift */; };
		1114152E1CEB965B00986FE5 /* EventsTableViewCell.swift in Sources */ = {isa = PBXBuildFile; fileRef = 1114152C1CEB965B00986FE5 /* EventsTableViewCell.swift */; };
		1114152F1CEB965B00986FE5 /* EventsTableViewCell.xib in Resources */ = {isa = PBXBuildFile; fileRef = 1114152D1CEB965B00986FE5 /* EventsTableViewCell.xib */; };
		111415311CEB9CDB00986FE5 /* events.json in Resources */ = {isa = PBXBuildFile; fileRef = 111415301CEB9CDB00986FE5 /* events.json */; };
		111415341CEBA06700986FE5 /* Location.swift in Sources */ = {isa = PBXBuildFile; fileRef = 111415331CEBA06700986FE5 /* Location.swift */; };
		111415361CEBA3D900986FE5 /* Event.swift in Sources */ = {isa = PBXBuildFile; fileRef = 111415351CEBA3D900986FE5 /* Event.swift */; };
		111415381CEBB97E00986FE5 /* AboutViewController.swift in Sources */ = {isa = PBXBuildFile; fileRef = 111415371CEBB97E00986FE5 /* AboutViewController.swift */; };
		1114153A1CEBB9D800986FE5 /* webViewAbout.html in Resources */ = {isa = PBXBuildFile; fileRef = 111415391CEBB9D800986FE5 /* webViewAbout.html */; };
		111415421CECCDAD00986FE5 /* SWRevealViewController.m in Sources */ = {isa = PBXBuildFile; fileRef = 111415411CECCDAD00986FE5 /* SWRevealViewController.m */; };
		111415441CECDD1300986FE5 /* MenuController.swift in Sources */ = {isa = PBXBuildFile; fileRef = 111415431CECDD1300986FE5 /* MenuController.swift */; };
		11A0EE0F1C4FE30200D01A05 /* AppDelegate.swift in Sources */ = {isa = PBXBuildFile; fileRef = 11A0EE0E1C4FE30200D01A05 /* AppDelegate.swift */; };
		11A0EE111C4FE30200D01A05 /* MapViewController.swift in Sources */ = {isa = PBXBuildFile; fileRef = 11A0EE101C4FE30200D01A05 /* MapViewController.swift */; };
		11A0EE131C4FE30200D01A05 /* ExploreViewController.swift in Sources */ = {isa = PBXBuildFile; fileRef = 11A0EE121C4FE30200D01A05 /* ExploreViewController.swift */; };
		11A0EE161C4FE30200D01A05 /* Main.storyboard in Resources */ = {isa = PBXBuildFile; fileRef = 11A0EE141C4FE30200D01A05 /* Main.storyboard */; };
		11A0EE181C4FE30200D01A05 /* Assets.xcassets in Resources */ = {isa = PBXBuildFile; fileRef = 11A0EE171C4FE30200D01A05 /* Assets.xcassets */; };
		11A0EE1B1C4FE30200D01A05 /* LaunchScreen.storyboard in Resources */ = {isa = PBXBuildFile; fileRef = 11A0EE191C4FE30200D01A05 /* LaunchScreen.storyboard */; };
		11E27F9C1CC683F500A10847 /* ExploreDetailTableViewController.swift in Sources */ = {isa = PBXBuildFile; fileRef = 11E27F9B1CC683F500A10847 /* ExploreDetailTableViewController.swift */; };
		11E27FA71CC7D8C500A10847 /* DownloadCache.swift in Sources */ = {isa = PBXBuildFile; fileRef = 11E27FA61CC7D8C500A10847 /* DownloadCache.swift */; };
		11F01D171CD15F7C002F08C5 /* pointsofinterest.json in Resources */ = {isa = PBXBuildFile; fileRef = 11F01D0F1CD15F7C002F08C5 /* pointsofinterest.json */; };
		11F01D181CD15F7C002F08C5 /* openspaces.json in Resources */ = {isa = PBXBuildFile; fileRef = 11F01D101CD15F7C002F08C5 /* openspaces.json */; };
		11F01D191CD15F7C002F08C5 /* landmarks.json in Resources */ = {isa = PBXBuildFile; fileRef = 11F01D111CD15F7C002F08C5 /* landmarks.json */; };
		11F01D1A1CD15F7C002F08C5 /* armyhomes.json in Resources */ = {isa = PBXBuildFile; fileRef = 11F01D121CD15F7C002F08C5 /* armyhomes.json */; };
		11F01D1B1CD15F7C002F08C5 /* armybuildings.json in Resources */ = {isa = PBXBuildFile; fileRef = 11F01D131CD15F7C002F08C5 /* armybuildings.json */; };
		11F01D1C1CD15F7C002F08C5 /* recreation.json in Resources */ = {isa = PBXBuildFile; fileRef = 11F01D141CD15F7C002F08C5 /* recreation.json */; };
		11F01D1D1CD15F7C002F08C5 /* restrooms.json in Resources */ = {isa = PBXBuildFile; fileRef = 11F01D151CD15F7C002F08C5 /* restrooms.json */; };
		11F01D1E1CD15F7C002F08C5 /* food.json in Resources */ = {isa = PBXBuildFile; fileRef = 11F01D161CD15F7C002F08C5 /* food.json */; };
		11F01D261CD2A648002F08C5 /* ExploreDetailViewController.swift in Sources */ = {isa = PBXBuildFile; fileRef = 11F01D251CD2A648002F08C5 /* ExploreDetailViewController.swift */; };
		11F01D281CD2C324002F08C5 /* webView.html in Resources */ = {isa = PBXBuildFile; fileRef = 11F01D271CD2C324002F08C5 /* webView.html */; };
		11F37C3A1CAF26CE00CFA9C6 /* SelectTableViewController.swift in Sources */ = {isa = PBXBuildFile; fileRef = 11F37C381CAF26CE00CFA9C6 /* SelectTableViewController.swift */; };
		11F37C3B1CAF26CE00CFA9C6 /* SelectTableViewController.xib in Resources */ = {isa = PBXBuildFile; fileRef = 11F37C391CAF26CE00CFA9C6 /* SelectTableViewController.xib */; };
		11F37C3E1CAF288A00CFA9C6 /* SelectTableViewCell.swift in Sources */ = {isa = PBXBuildFile; fileRef = 11F37C3C1CAF288A00CFA9C6 /* SelectTableViewCell.swift */; };
		11F37C3F1CAF288A00CFA9C6 /* SelectTableViewCell.xib in Resources */ = {isa = PBXBuildFile; fileRef = 11F37C3D1CAF288A00CFA9C6 /* SelectTableViewCell.xib */; };
/* End PBXBuildFile section */

/* Begin PBXFileReference section */
		110729CB1C4FF5AA00DBDD47 /* MapKit.framework */ = {isa = PBXFileReference; lastKnownFileType = wrapper.framework; name = MapKit.framework; path = System/Library/Frameworks/MapKit.framework; sourceTree = SDKROOT; };
		111415281CEB90FD00986FE5 /* govisland.plist */ = {isa = PBXFileReference; fileEncoding = 4; lastKnownFileType = text.plist.xml; path = govisland.plist; sourceTree = "<group>"; };
		1114152A1CEB942A00986FE5 /* EventsTableViewController.swift */ = {isa = PBXFileReference; fileEncoding = 4; lastKnownFileType = sourcecode.swift; path = EventsTableViewController.swift; sourceTree = "<group>"; };
		1114152C1CEB965B00986FE5 /* EventsTableViewCell.swift */ = {isa = PBXFileReference; fileEncoding = 4; lastKnownFileType = sourcecode.swift; path = EventsTableViewCell.swift; sourceTree = "<group>"; };
		1114152D1CEB965B00986FE5 /* EventsTableViewCell.xib */ = {isa = PBXFileReference; fileEncoding = 4; lastKnownFileType = file.xib; path = EventsTableViewCell.xib; sourceTree = "<group>"; };
		111415301CEB9CDB00986FE5 /* events.json */ = {isa = PBXFileReference; fileEncoding = 4; lastKnownFileType = text.json; name = events.json; path = data/events.json; sourceTree = "<group>"; };
		111415331CEBA06700986FE5 /* Location.swift */ = {isa = PBXFileReference; fileEncoding = 4; lastKnownFileType = sourcecode.swift; name = Location.swift; path = model/Location.swift; sourceTree = "<group>"; };
		111415351CEBA3D900986FE5 /* Event.swift */ = {isa = PBXFileReference; fileEncoding = 4; lastKnownFileType = sourcecode.swift; name = Event.swift; path = model/Event.swift; sourceTree = "<group>"; };
		111415371CEBB97E00986FE5 /* AboutViewController.swift */ = {isa = PBXFileReference; fileEncoding = 4; lastKnownFileType = sourcecode.swift; path = AboutViewController.swift; sourceTree = "<group>"; };
		111415391CEBB9D800986FE5 /* webViewAbout.html */ = {isa = PBXFileReference; fileEncoding = 4; lastKnownFileType = text.html; name = webViewAbout.html; path = data/webViewAbout.html; sourceTree = "<group>"; };
		1114153F1CECCDAD00986FE5 /* GovIsland-Bridging-Header.h */ = {isa = PBXFileReference; lastKnownFileType = sourcecode.c.h; path = "GovIsland-Bridging-Header.h"; sourceTree = "<group>"; };
		111415401CECCDAD00986FE5 /* SWRevealViewController.h */ = {isa = PBXFileReference; fileEncoding = 4; lastKnownFileType = sourcecode.c.h; name = SWRevealViewController.h; path = helpers/SWRevealViewController/SWRevealViewController.h; sourceTree = "<group>"; };
		111415411CECCDAD00986FE5 /* SWRevealViewController.m */ = {isa = PBXFileReference; fileEncoding = 4; lastKnownFileType = sourcecode.c.objc; name = SWRevealViewController.m; path = helpers/SWRevealViewController/SWRevealViewController.m; sourceTree = "<group>"; };
		111415431CECDD1300986FE5 /* MenuController.swift */ = {isa = PBXFileReference; fileEncoding = 4; lastKnownFileType = sourcecode.swift; path = MenuController.swift; sourceTree = "<group>"; };
		11A0EE0B1C4FE30200D01A05 /* GovIsland.app */ = {isa = PBXFileReference; explicitFileType = wrapper.application; includeInIndex = 0; path = GovIsland.app; sourceTree = BUILT_PRODUCTS_DIR; };
		11A0EE0E1C4FE30200D01A05 /* AppDelegate.swift */ = {isa = PBXFileReference; lastKnownFileType = sourcecode.swift; path = AppDelegate.swift; sourceTree = "<group>"; };
		11A0EE101C4FE30200D01A05 /* MapViewController.swift */ = {isa = PBXFileReference; lastKnownFileType = sourcecode.swift; path = MapViewController.swift; sourceTree = "<group>"; };
		11A0EE121C4FE30200D01A05 /* ExploreViewController.swift */ = {isa = PBXFileReference; lastKnownFileType = sourcecode.swift; path = ExploreViewController.swift; sourceTree = "<group>"; };
		11A0EE151C4FE30200D01A05 /* Base */ = {isa = PBXFileReference; lastKnownFileType = file.storyboard; name = Base; path = Base.lproj/Main.storyboard; sourceTree = "<group>"; };
		11A0EE171C4FE30200D01A05 /* Assets.xcassets */ = {isa = PBXFileReference; lastKnownFileType = folder.assetcatalog; path = Assets.xcassets; sourceTree = "<group>"; };
		11A0EE1A1C4FE30200D01A05 /* Base */ = {isa = PBXFileReference; lastKnownFileType = file.storyboard; name = Base; path = Base.lproj/LaunchScreen.storyboard; sourceTree = "<group>"; };
		11A0EE1C1C4FE30200D01A05 /* Info.plist */ = {isa = PBXFileReference; lastKnownFileType = text.plist.xml; path = Info.plist; sourceTree = "<group>"; };
		11E27F9B1CC683F500A10847 /* ExploreDetailTableViewController.swift */ = {isa = PBXFileReference; fileEncoding = 4; lastKnownFileType = sourcecode.swift; path = ExploreDetailTableViewController.swift; sourceTree = "<group>"; };
		11E27FA61CC7D8C500A10847 /* DownloadCache.swift */ = {isa = PBXFileReference; fileEncoding = 4; lastKnownFileType = sourcecode.swift; name = DownloadCache.swift; path = cache/DownloadCache.swift; sourceTree = "<group>"; };
		11F01D0F1CD15F7C002F08C5 /* pointsofinterest.json */ = {isa = PBXFileReference; fileEncoding = 4; lastKnownFileType = text.json; name = pointsofinterest.json; path = data/pointsofinterest.json; sourceTree = "<group>"; };
		11F01D101CD15F7C002F08C5 /* openspaces.json */ = {isa = PBXFileReference; fileEncoding = 4; lastKnownFileType = text.json; name = openspaces.json; path = data/openspaces.json; sourceTree = "<group>"; };
		11F01D111CD15F7C002F08C5 /* landmarks.json */ = {isa = PBXFileReference; fileEncoding = 4; lastKnownFileType = text.json; name = landmarks.json; path = data/landmarks.json; sourceTree = "<group>"; };
		11F01D121CD15F7C002F08C5 /* armyhomes.json */ = {isa = PBXFileReference; fileEncoding = 4; lastKnownFileType = text.json; name = armyhomes.json; path = data/armyhomes.json; sourceTree = "<group>"; };
		11F01D131CD15F7C002F08C5 /* armybuildings.json */ = {isa = PBXFileReference; fileEncoding = 4; lastKnownFileType = text.json; name = armybuildings.json; path = data/armybuildings.json; sourceTree = "<group>"; };
		11F01D141CD15F7C002F08C5 /* recreation.json */ = {isa = PBXFileReference; fileEncoding = 4; lastKnownFileType = text.json; name = recreation.json; path = data/recreation.json; sourceTree = "<group>"; };
		11F01D151CD15F7C002F08C5 /* restrooms.json */ = {isa = PBXFileReference; fileEncoding = 4; lastKnownFileType = text.json; name = restrooms.json; path = data/restrooms.json; sourceTree = "<group>"; };
		11F01D161CD15F7C002F08C5 /* food.json */ = {isa = PBXFileReference; fileEncoding = 4; lastKnownFileType = text.json; name = food.json; path = data/food.json; sourceTree = "<group>"; };
		11F01D251CD2A648002F08C5 /* ExploreDetailViewController.swift */ = {isa = PBXFileReference; fileEncoding = 4; lastKnownFileType = sourcecode.swift; path = ExploreDetailViewController.swift; sourceTree = "<group>"; };
		11F01D271CD2C324002F08C5 /* webView.html */ = {isa = PBXFileReference; fileEncoding = 4; lastKnownFileType = text.html; name = webView.html; path = data/webView.html; sourceTree = "<group>"; };
		11F37C381CAF26CE00CFA9C6 /* SelectTableViewController.swift */ = {isa = PBXFileReference; fileEncoding = 4; lastKnownFileType = sourcecode.swift; path = SelectTableViewController.swift; sourceTree = "<group>"; };
		11F37C391CAF26CE00CFA9C6 /* SelectTableViewController.xib */ = {isa = PBXFileReference; fileEncoding = 4; lastKnownFileType = file.xib; path = SelectTableViewController.xib; sourceTree = "<group>"; };
		11F37C3C1CAF288A00CFA9C6 /* SelectTableViewCell.swift */ = {isa = PBXFileReference; fileEncoding = 4; lastKnownFileType = sourcecode.swift; path = SelectTableViewCell.swift; sourceTree = "<group>"; };
		11F37C3D1CAF288A00CFA9C6 /* SelectTableViewCell.xib */ = {isa = PBXFileReference; fileEncoding = 4; lastKnownFileType = file.xib; path = SelectTableViewCell.xib; sourceTree = "<group>"; };
		6501095C28580E526B0D9A1E /* Pods-GovIsland.release.xcconfig */ = {isa = PBXFileReference; includeInIndex = 1; lastKnownFileType = text.xcconfig; name = "Pods-GovIsland.release.xcconfig"; path = "Pods/Target Support Files/Pods-GovIsland/Pods-GovIsland.release.xcconfig"; sourceTree = "<group>"; };
		A90634F92133367D84E46BB2 /* Pods-GovIsland.debug.xcconfig */ = {isa = PBXFileReference; includeInIndex = 1; lastKnownFileType = text.xcconfig; name = "Pods-GovIsland.debug.xcconfig"; path = "Pods/Target Support Files/Pods-GovIsland/Pods-GovIsland.debug.xcconfig"; sourceTree = "<group>"; };
		F6D6AAA9DF2E6E122467718F /* Pods_GovIsland.framework */ = {isa = PBXFileReference; explicitFileType = wrapper.framework; includeInIndex = 0; path = Pods_GovIsland.framework; sourceTree = BUILT_PRODUCTS_DIR; };
/* End PBXFileReference section */

/* Begin PBXFrameworksBuildPhase section */
		11A0EE081C4FE30200D01A05 /* Frameworks */ = {
			isa = PBXFrameworksBuildPhase;
			buildActionMask = 2147483647;
			files = (
				110729CC1C4FF5AA00DBDD47 /* MapKit.framework in Frameworks */,
				0624805F6E386DED4875C68E /* Pods_GovIsland.framework in Frameworks */,
			);
			runOnlyForDeploymentPostprocessing = 0;
		};
/* End PBXFrameworksBuildPhase section */

/* Begin PBXGroup section */
		111415321CEBA03A00986FE5 /* model */ = {
			isa = PBXGroup;
			children = (
				111415331CEBA06700986FE5 /* Location.swift */,
				111415351CEBA3D900986FE5 /* Event.swift */,
			);
			name = model;
			sourceTree = "<group>";
		};
		1114153B1CECCCC200986FE5 /* helpers */ = {
			isa = PBXGroup;
			children = (
				1114153E1CECCD7D00986FE5 /* SWRevealViewController */,
			);
			name = helpers;
			sourceTree = "<group>";
		};
		1114153E1CECCD7D00986FE5 /* SWRevealViewController */ = {
			isa = PBXGroup;
			children = (
				111415401CECCDAD00986FE5 /* SWRevealViewController.h */,
				111415411CECCDAD00986FE5 /* SWRevealViewController.m */,
				1114153F1CECCDAD00986FE5 /* GovIsland-Bridging-Header.h */,
			);
			name = SWRevealViewController;
			sourceTree = "<group>";
		};
		11A0EE021C4FE30200D01A05 = {
			isa = PBXGroup;
			children = (
				11A0EE0D1C4FE30200D01A05 /* GovIsland */,
				11A0EE0C1C4FE30200D01A05 /* Products */,
				8753411165CB3218865AC383 /* Pods */,
				A3B9D9EF439049102337651E /* Frameworks */,
			);
			sourceTree = "<group>";
		};
		11A0EE0C1C4FE30200D01A05 /* Products */ = {
			isa = PBXGroup;
			children = (
				11A0EE0B1C4FE30200D01A05 /* GovIsland.app */,
			);
			name = Products;
			sourceTree = "<group>";
		};
		11A0EE0D1C4FE30200D01A05 /* GovIsland */ = {
			isa = PBXGroup;
			children = (
				1114153B1CECCCC200986FE5 /* helpers */,
				111415321CEBA03A00986FE5 /* model */,
				11E27FA81CC9194800A10847 /* data */,
				11E27F9F1CC7CE3C00A10847 /* cache */,
				11A0EE0E1C4FE30200D01A05 /* AppDelegate.swift */,
				111415371CEBB97E00986FE5 /* AboutViewController.swift */,
				11A0EE101C4FE30200D01A05 /* MapViewController.swift */,
				111415431CECDD1300986FE5 /* MenuController.swift */,
				11A0EE121C4FE30200D01A05 /* ExploreViewController.swift */,
				11E27F9B1CC683F500A10847 /* ExploreDetailTableViewController.swift */,
				11F01D251CD2A648002F08C5 /* ExploreDetailViewController.swift */,
				11F37C381CAF26CE00CFA9C6 /* SelectTableViewController.swift */,
				11F37C391CAF26CE00CFA9C6 /* SelectTableViewController.xib */,
				11F37C3C1CAF288A00CFA9C6 /* SelectTableViewCell.swift */,
				11F37C3D1CAF288A00CFA9C6 /* SelectTableViewCell.xib */,
				1114152A1CEB942A00986FE5 /* EventsTableViewController.swift */,
				1114152C1CEB965B00986FE5 /* EventsTableViewCell.swift */,
				1114152D1CEB965B00986FE5 /* EventsTableViewCell.xib */,
				11A0EE141C4FE30200D01A05 /* Main.storyboard */,
				11A0EE171C4FE30200D01A05 /* Assets.xcassets */,
				11A0EE191C4FE30200D01A05 /* LaunchScreen.storyboard */,
				11A0EE1C1C4FE30200D01A05 /* Info.plist */,
				111415281CEB90FD00986FE5 /* govisland.plist */,
			);
			path = GovIsland;
			sourceTree = "<group>";
		};
		11E27F9F1CC7CE3C00A10847 /* cache */ = {
			isa = PBXGroup;
			children = (
				11E27FA61CC7D8C500A10847 /* DownloadCache.swift */,
			);
			name = cache;
			sourceTree = "<group>";
		};
		11E27FA81CC9194800A10847 /* data */ = {
			isa = PBXGroup;
			children = (
				111415391CEBB9D800986FE5 /* webViewAbout.html */,
				11F01D271CD2C324002F08C5 /* webView.html */,
				111415301CEB9CDB00986FE5 /* events.json */,
				11F01D0F1CD15F7C002F08C5 /* pointsofinterest.json */,
				11F01D101CD15F7C002F08C5 /* openspaces.json */,
				11F01D111CD15F7C002F08C5 /* landmarks.json */,
				11F01D121CD15F7C002F08C5 /* armyhomes.json */,
				11F01D131CD15F7C002F08C5 /* armybuildings.json */,
				11F01D141CD15F7C002F08C5 /* recreation.json */,
				11F01D151CD15F7C002F08C5 /* restrooms.json */,
				11F01D161CD15F7C002F08C5 /* food.json */,
			);
			name = data;
			sourceTree = "<group>";
		};
		8753411165CB3218865AC383 /* Pods */ = {
			isa = PBXGroup;
			children = (
				A90634F92133367D84E46BB2 /* Pods-GovIsland.debug.xcconfig */,
				6501095C28580E526B0D9A1E /* Pods-GovIsland.release.xcconfig */,
			);
			name = Pods;
			sourceTree = "<group>";
		};
		A3B9D9EF439049102337651E /* Frameworks */ = {
			isa = PBXGroup;
			children = (
				110729CB1C4FF5AA00DBDD47 /* MapKit.framework */,
				F6D6AAA9DF2E6E122467718F /* Pods_GovIsland.framework */,
			);
			name = Frameworks;
			sourceTree = "<group>";
		};
/* End PBXGroup section */

/* Begin PBXNativeTarget section */
		11A0EE0A1C4FE30200D01A05 /* GovIsland */ = {
			isa = PBXNativeTarget;
			buildConfigurationList = 11A0EE1F1C4FE30200D01A05 /* Build configuration list for PBXNativeTarget "GovIsland" */;
			buildPhases = (
				9801E2C3E8277C61CF273E27 /* Check Pods Manifest.lock */,
				11A0EE071C4FE30200D01A05 /* Sources */,
				11A0EE081C4FE30200D01A05 /* Frameworks */,
				11A0EE091C4FE30200D01A05 /* Resources */,
				C4E43999AF453499A9642549 /* Embed Pods Frameworks */,
				846DE70D6181D996591B19C5 /* Copy Pods Resources */,
			);
			buildRules = (
			);
			dependencies = (
			);
			name = GovIsland;
			productName = GovIsland;
			productReference = 11A0EE0B1C4FE30200D01A05 /* GovIsland.app */;
			productType = "com.apple.product-type.application";
		};
/* End PBXNativeTarget section */

/* Begin PBXProject section */
		11A0EE031C4FE30200D01A05 /* Project object */ = {
			isa = PBXProject;
			attributes = {
				LastSwiftUpdateCheck = 0730;
				LastUpgradeCheck = 0730;
				ORGANIZATIONNAME = Janice;
				TargetAttributes = {
					11A0EE0A1C4FE30200D01A05 = {
						CreatedOnToolsVersion = 7.3;
						DevelopmentTeam = U9VFYB8Z4V;
					};
				};
			};
			buildConfigurationList = 11A0EE061C4FE30200D01A05 /* Build configuration list for PBXProject "GovIsland" */;
			compatibilityVersion = "Xcode 3.2";
			developmentRegion = English;
			hasScannedForEncodings = 0;
			knownRegions = (
				en,
				Base,
			);
			mainGroup = 11A0EE021C4FE30200D01A05;
			productRefGroup = 11A0EE0C1C4FE30200D01A05 /* Products */;
			projectDirPath = "";
			projectRoot = "";
			targets = (
				11A0EE0A1C4FE30200D01A05 /* GovIsland */,
			);
		};
/* End PBXProject section */

/* Begin PBXResourcesBuildPhase section */
		11A0EE091C4FE30200D01A05 /* Resources */ = {
			isa = PBXResourcesBuildPhase;
			buildActionMask = 2147483647;
			files = (
				1114152F1CEB965B00986FE5 /* EventsTableViewCell.xib in Resources */,
				11F37C3F1CAF288A00CFA9C6 /* SelectTableViewCell.xib in Resources */,
				11F01D171CD15F7C002F08C5 /* pointsofinterest.json in Resources */,
				11A0EE1B1C4FE30200D01A05 /* LaunchScreen.storyboard in Resources */,
				111415291CEB90FD00986FE5 /* govisland.plist in Resources */,
				11F01D1E1CD15F7C002F08C5 /* food.json in Resources */,
				11F01D191CD15F7C002F08C5 /* landmarks.json in Resources */,
				11F37C3B1CAF26CE00CFA9C6 /* SelectTableViewController.xib in Resources */,
				11F01D281CD2C324002F08C5 /* webView.html in Resources */,
				11A0EE181C4FE30200D01A05 /* Assets.xcassets in Resources */,
				11A0EE161C4FE30200D01A05 /* Main.storyboard in Resources */,
				11F01D181CD15F7C002F08C5 /* openspaces.json in Resources */,
				1114153A1CEBB9D800986FE5 /* webViewAbout.html in Resources */,
				11F01D1D1CD15F7C002F08C5 /* restrooms.json in Resources */,
				11F01D1B1CD15F7C002F08C5 /* armybuildings.json in Resources */,
				111415311CEB9CDB00986FE5 /* events.json in Resources */,
				11F01D1A1CD15F7C002F08C5 /* armyhomes.json in Resources */,
				11F01D1C1CD15F7C002F08C5 /* recreation.json in Resources */,
			);
			runOnlyForDeploymentPostprocessing = 0;
		};
/* End PBXResourcesBuildPhase section */

/* Begin PBXShellScriptBuildPhase section */
		846DE70D6181D996591B19C5 /* Copy Pods Resources */ = {
			isa = PBXShellScriptBuildPhase;
			buildActionMask = 2147483647;
			files = (
			);
			inputPaths = (
			);
			name = "Copy Pods Resources";
			outputPaths = (
			);
			runOnlyForDeploymentPostprocessing = 0;
			shellPath = /bin/sh;
			shellScript = "\"${SRCROOT}/Pods/Target Support Files/Pods-GovIsland/Pods-GovIsland-resources.sh\"\n";
			showEnvVarsInLog = 0;
		};
		9801E2C3E8277C61CF273E27 /* Check Pods Manifest.lock */ = {
			isa = PBXShellScriptBuildPhase;
			buildActionMask = 2147483647;
			files = (
			);
			inputPaths = (
			);
			name = "Check Pods Manifest.lock";
			outputPaths = (
			);
			runOnlyForDeploymentPostprocessing = 0;
			shellPath = /bin/sh;
			shellScript = "diff \"${PODS_ROOT}/../Podfile.lock\" \"${PODS_ROOT}/Manifest.lock\" > /dev/null\nif [[ $? != 0 ]] ; then\n    cat << EOM\nerror: The sandbox is not in sync with the Podfile.lock. Run 'pod install' or update your CocoaPods installation.\nEOM\n    exit 1\nfi\n";
			showEnvVarsInLog = 0;
		};
		C4E43999AF453499A9642549 /* Embed Pods Frameworks */ = {
			isa = PBXShellScriptBuildPhase;
			buildActionMask = 2147483647;
			files = (
			);
			inputPaths = (
			);
			name = "Embed Pods Frameworks";
			outputPaths = (
			);
			runOnlyForDeploymentPostprocessing = 0;
			shellPath = /bin/sh;
			shellScript = "\"${SRCROOT}/Pods/Target Support Files/Pods-GovIsland/Pods-GovIsland-frameworks.sh\"\n";
			showEnvVarsInLog = 0;
		};
/* End PBXShellScriptBuildPhase section */

/* Begin PBXSourcesBuildPhase section */
		11A0EE071C4FE30200D01A05 /* Sources */ = {
			isa = PBXSourcesBuildPhase;
			buildActionMask = 2147483647;
			files = (
				11A0EE131C4FE30200D01A05 /* ExploreViewController.swift in Sources */,
				1114152B1CEB942A00986FE5 /* EventsTableViewController.swift in Sources */,
				111415421CECCDAD00986FE5 /* SWRevealViewController.m in Sources */,
				11A0EE0F1C4FE30200D01A05 /* AppDelegate.swift in Sources */,
				111415361CEBA3D900986FE5 /* Event.swift in Sources */,
				11A0EE111C4FE30200D01A05 /* MapViewController.swift in Sources */,
				111415341CEBA06700986FE5 /* Location.swift in Sources */,
				111415441CECDD1300986FE5 /* MenuController.swift in Sources */,
				11F37C3A1CAF26CE00CFA9C6 /* SelectTableViewController.swift in Sources */,
				1114152E1CEB965B00986FE5 /* EventsTableViewCell.swift in Sources */,
				11F01D261CD2A648002F08C5 /* ExploreDetailViewController.swift in Sources */,
				11E27FA71CC7D8C500A10847 /* DownloadCache.swift in Sources */,
				11E27F9C1CC683F500A10847 /* ExploreDetailTableViewController.swift in Sources */,
				111415381CEBB97E00986FE5 /* AboutViewController.swift in Sources */,
				11F37C3E1CAF288A00CFA9C6 /* SelectTableViewCell.swift in Sources */,
			);
			runOnlyForDeploymentPostprocessing = 0;
		};
/* End PBXSourcesBuildPhase section */

/* Begin PBXVariantGroup section */
		11A0EE141C4FE30200D01A05 /* Main.storyboard */ = {
			isa = PBXVariantGroup;
			children = (
				11A0EE151C4FE30200D01A05 /* Base */,
			);
			name = Main.storyboard;
			sourceTree = "<group>";
		};
		11A0EE191C4FE30200D01A05 /* LaunchScreen.storyboard */ = {
			isa = PBXVariantGroup;
			children = (
				11A0EE1A1C4FE30200D01A05 /* Base */,
			);
			name = LaunchScreen.storyboard;
			sourceTree = "<group>";
		};
/* End PBXVariantGroup section */

/* Begin XCBuildConfiguration section */
		11A0EE1D1C4FE30200D01A05 /* Debug */ = {
			isa = XCBuildConfiguration;
			buildSettings = {
				ALWAYS_SEARCH_USER_PATHS = NO;
				CLANG_CXX_LANGUAGE_STANDARD = "gnu++0x";
				CLANG_CXX_LIBRARY = "libc++";
				CLANG_ENABLE_MODULES = YES;
				CLANG_ENABLE_OBJC_ARC = YES;
				CLANG_WARN_BOOL_CONVERSION = YES;
				CLANG_WARN_CONSTANT_CONVERSION = YES;
				CLANG_WARN_DIRECT_OBJC_ISA_USAGE = YES_ERROR;
				CLANG_WARN_EMPTY_BODY = YES;
				CLANG_WARN_ENUM_CONVERSION = YES;
				CLANG_WARN_INT_CONVERSION = YES;
				CLANG_WARN_OBJC_ROOT_CLASS = YES_ERROR;
				CLANG_WARN_UNREACHABLE_CODE = YES;
				CLANG_WARN__DUPLICATE_METHOD_MATCH = YES;
				"CODE_SIGN_IDENTITY[sdk=iphoneos*]" = "iPhone Developer";
				COPY_PHASE_STRIP = NO;
				DEBUG_INFORMATION_FORMAT = dwarf;
				ENABLE_STRICT_OBJC_MSGSEND = YES;
				ENABLE_TESTABILITY = YES;
				GCC_C_LANGUAGE_STANDARD = gnu99;
				GCC_DYNAMIC_NO_PIC = NO;
				GCC_NO_COMMON_BLOCKS = YES;
				GCC_OPTIMIZATION_LEVEL = 0;
				GCC_PREPROCESSOR_DEFINITIONS = (
					"DEBUG=1",
					"$(inherited)",
				);
				GCC_WARN_64_TO_32_BIT_CONVERSION = YES;
				GCC_WARN_ABOUT_RETURN_TYPE = YES_ERROR;
				GCC_WARN_UNDECLARED_SELECTOR = YES;
				GCC_WARN_UNINITIALIZED_AUTOS = YES_AGGRESSIVE;
				GCC_WARN_UNUSED_FUNCTION = YES;
				GCC_WARN_UNUSED_VARIABLE = YES;
				IPHONEOS_DEPLOYMENT_TARGET = 9.3;
				MTL_ENABLE_DEBUG_INFO = YES;
				ONLY_ACTIVE_ARCH = YES;
				SDKROOT = iphoneos;
				SWIFT_OPTIMIZATION_LEVEL = "-Onone";
				TARGETED_DEVICE_FAMILY = "1,2";
			};
			name = Debug;
		};
		11A0EE1E1C4FE30200D01A05 /* Release */ = {
			isa = XCBuildConfiguration;
			buildSettings = {
				ALWAYS_SEARCH_USER_PATHS = NO;
				CLANG_CXX_LANGUAGE_STANDARD = "gnu++0x";
				CLANG_CXX_LIBRARY = "libc++";
				CLANG_ENABLE_MODULES = YES;
				CLANG_ENABLE_OBJC_ARC = YES;
				CLANG_WARN_BOOL_CONVERSION = YES;
				CLANG_WARN_CONSTANT_CONVERSION = YES;
				CLANG_WARN_DIRECT_OBJC_ISA_USAGE = YES_ERROR;
				CLANG_WARN_EMPTY_BODY = YES;
				CLANG_WARN_ENUM_CONVERSION = YES;
				CLANG_WARN_INT_CONVERSION = YES;
				CLANG_WARN_OBJC_ROOT_CLASS = YES_ERROR;
				CLANG_WARN_UNREACHABLE_CODE = YES;
				CLANG_WARN__DUPLICATE_METHOD_MATCH = YES;
				"CODE_SIGN_IDENTITY[sdk=iphoneos*]" = "iPhone Developer";
				COPY_PHASE_STRIP = NO;
				DEBUG_INFORMATION_FORMAT = "dwarf-with-dsym";
				ENABLE_NS_ASSERTIONS = NO;
				ENABLE_STRICT_OBJC_MSGSEND = YES;
				GCC_C_LANGUAGE_STANDARD = gnu99;
				GCC_NO_COMMON_BLOCKS = YES;
				GCC_WARN_64_TO_32_BIT_CONVERSION = YES;
				GCC_WARN_ABOUT_RETURN_TYPE = YES_ERROR;
				GCC_WARN_UNDECLARED_SELECTOR = YES;
				GCC_WARN_UNINITIALIZED_AUTOS = YES_AGGRESSIVE;
				GCC_WARN_UNUSED_FUNCTION = YES;
				GCC_WARN_UNUSED_VARIABLE = YES;
				IPHONEOS_DEPLOYMENT_TARGET = 9.3;
				MTL_ENABLE_DEBUG_INFO = NO;
				SDKROOT = iphoneos;
				TARGETED_DEVICE_FAMILY = "1,2";
				VALIDATE_PRODUCT = YES;
			};
			name = Release;
		};
		11A0EE201C4FE30200D01A05 /* Debug */ = {
			isa = XCBuildConfiguration;
			baseConfigurationReference = A90634F92133367D84E46BB2 /* Pods-GovIsland.debug.xcconfig */;
			buildSettings = {
				ASSETCATALOG_COMPILER_APPICON_NAME = AppIcon;
				CLANG_ENABLE_MODULES = YES;
				CODE_SIGN_IDENTITY = "iPhone Developer";
				INFOPLIST_FILE = GovIsland/Info.plist;
				LD_RUNPATH_SEARCH_PATHS = "$(inherited) @executable_path/Frameworks";
				PRODUCT_BUNDLE_IDENTIFIER = com.meladori.GovIsland;
				PRODUCT_NAME = "$(TARGET_NAME)";
				SWIFT_OBJC_BRIDGING_HEADER = "GovIsland/GovIsland-Bridging-Header.h";
				SWIFT_OPTIMIZATION_LEVEL = "-Onone";
			};
			name = Debug;
		};
		11A0EE211C4FE30200D01A05 /* Release */ = {
			isa = XCBuildConfiguration;
			baseConfigurationReference = 6501095C28580E526B0D9A1E /* Pods-GovIsland.release.xcconfig */;
			buildSettings = {
				ASSETCATALOG_COMPILER_APPICON_NAME = AppIcon;
				CLANG_ENABLE_MODULES = YES;
				CODE_SIGN_IDENTITY = "iPhone Developer";
				INFOPLIST_FILE = GovIsland/Info.plist;
				LD_RUNPATH_SEARCH_PATHS = "$(inherited) @executable_path/Frameworks";
				PRODUCT_BUNDLE_IDENTIFIER = com.meladori.GovIsland;
				PRODUCT_NAME = "$(TARGET_NAME)";
				SWIFT_OBJC_BRIDGING_HEADER = "GovIsland/GovIsland-Bridging-Header.h";
			};
			name = Release;
		};
/* End XCBuildConfiguration section */

/* Begin XCConfigurationList section */
		11A0EE061C4FE30200D01A05 /* Build configuration list for PBXProject "GovIsland" */ = {
			isa = XCConfigurationList;
			buildConfigurations = (
				11A0EE1D1C4FE30200D01A05 /* Debug */,
				11A0EE1E1C4FE30200D01A05 /* Release */,
			);
			defaultConfigurationIsVisible = 0;
			defaultConfigurationName = Release;
		};
		11A0EE1F1C4FE30200D01A05 /* Build configuration list for PBXNativeTarget "GovIsland" */ = {
			isa = XCConfigurationList;
			buildConfigurations = (
				11A0EE201C4FE30200D01A05 /* Debug */,
				11A0EE211C4FE30200D01A05 /* Release */,
			);
			defaultConfigurationIsVisible = 0;
			defaultConfigurationName = Release;
		};
/* End XCConfigurationList section */
	};
	rootObject = 11A0EE031C4FE30200D01A05 /* Project object */;
}
